{
    "_meta": {
        "hash": {
            "sha256": "fb91c622b03e57a784e0804d3037ddafed5b3d8ce83c6cfc2248607b88208c8d"
        },
        "pipfile-spec": 6,
        "requires": {
            "python_version": "3.10"
        },
        "sources": [
            {
                "name": "pypi",
                "url": "https://jpdarago.com/bip39key",
                "verify_ssl": true
            }
        ]
    },
    "default": {},
    "develop": {}
}
